
Microsoft Visual Studio Solution File, Format Version 12.00
# Visual Studio Version 17
VisualStudioVersion = 17.2.32630.192
MinimumVisualStudioVersion = 10.0.40219.1
Project("{9A19103F-16F7-4668-BE54-9A1E7A4F7556}") = "uc1-CreateHashTable_FreqOfitem", "uc1-CreateHashTable_FreqOfitem\uc1-CreateHashTable_FreqOfitem.csproj", "{958C354D-CFA1-48D3-A710-4003D369C47F}"
EndProject
Project("{9A19103F-16F7-4668-BE54-9A1E7A4F7556}") = "uc2-FindFreqofparagraph", "uc2-FindFreqofparagraph\uc2-FindFreqofparagraph.csproj", "{B4C7D64A-F34E-4202-AC4B-F1CA7C0FBF47}"
EndProject
Project("{9A19103F-16F7-4668-BE54-9A1E7A4F7556}") = "uc3-RemoveSpecificword", "uc3-RemoveSpecificword\uc3-RemoveSpecificword.csproj", "{C8721489-C2E7-4D46-AF4B-6A7650009BEA}"
EndProject
Project("{FAE04EC0-301F-11D3-BF4B-00C04F79EFBC}") = "uc1-CreateBST", "uc1-CreateBST\uc1-CreateBST.csproj", "{CE680D3F-857F-47AE-A132-8243B58F9A46}"
EndProject
Project("{FAE04EC0-301F-11D3-BF4B-00C04F79EFBC}") = "uc2-CreateBSTFindsize", "uc2-CreateBSTFindsize\uc2-CreateBSTFindsize.csproj", "{6838F4CF-61E3-4941-BF48-3F9C8A44D097}"
EndProject
Project("{FAE04EC0-301F-11D3-BF4B-00C04F79EFBC}") = "uc3-SearchElement_BST", "uc3-SearchElement_BST\uc3-SearchElement_BST.csproj", "{781947E4-BF79-4A5C-B650-A7C435FD2A10}"
EndProject
Global
	GlobalSection(SolutionConfigurationPlatforms) = preSolution
		Debug|Any CPU = Debug|Any CPU
		Release|Any CPU = Release|Any CPU
	EndGlobalSection
	GlobalSection(ProjectConfigurationPlatforms) = postSolution
		{958C354D-CFA1-48D3-A710-4003D369C47F}.Debug|Any CPU.ActiveCfg = Debug|Any CPU
		{958C354D-CFA1-48D3-A710-4003D369C47F}.Debug|Any CPU.Build.0 = Debug|Any CPU
		{958C354D-CFA1-48D3-A710-4003D369C47F}.Release|Any CPU.ActiveCfg = Release|Any CPU
		{958C354D-CFA1-48D3-A710-4003D369C47F}.Release|Any CPU.Build.0 = Release|Any CPU
		{B4C7D64A-F34E-4202-AC4B-F1CA7C0FBF47}.Debug|Any CPU.ActiveCfg = Debug|Any CPU
		{B4C7D64A-F34E-4202-AC4B-F1CA7C0FBF47}.Debug|Any CPU.Build.0 = Debug|Any CPU
		{B4C7D64A-F34E-4202-AC4B-F1CA7C0FBF47}.Release|Any CPU.ActiveCfg = Release|Any CPU
		{B4C7D64A-F34E-4202-AC4B-F1CA7C0FBF47}.Release|Any CPU.Build.0 = Release|Any CPU
		{C8721489-C2E7-4D46-AF4B-6A7650009BEA}.Debug|Any CPU.ActiveCfg = Debug|Any CPU
		{C8721489-C2E7-4D46-AF4B-6A7650009BEA}.Debug|Any CPU.Build.0 = Debug|Any CPU
		{C8721489-C2E7-4D46-AF4B-6A7650009BEA}.Release|Any CPU.ActiveCfg = Release|Any CPU
		{C8721489-C2E7-4D46-AF4B-6A7650009BEA}.Release|Any CPU.Build.0 = Release|Any CPU
		{CE680D3F-857F-47AE-A132-8243B58F9A46}.Debug|Any CPU.ActiveCfg = Debug|Any CPU
		{CE680D3F-857F-47AE-A132-8243B58F9A46}.Debug|Any CPU.Build.0 = Debug|Any CPU
		{CE680D3F-857F-47AE-A132-8243B58F9A46}.Release|Any CPU.ActiveCfg = Release|Any CPU
		{CE680D3F-857F-47AE-A132-8243B58F9A46}.Release|Any CPU.Build.0 = Release|Any CPU
		{6838F4CF-61E3-4941-BF48-3F9C8A44D097}.Debug|Any CPU.ActiveCfg = Debug|Any CPU
		{6838F4CF-61E3-4941-BF48-3F9C8A44D097}.Debug|Any CPU.Build.0 = Debug|Any CPU
		{6838F4CF-61E3-4941-BF48-3F9C8A44D097}.Release|Any CPU.ActiveCfg = Release|Any CPU
		{6838F4CF-61E3-4941-BF48-3F9C8A44D097}.Release|Any CPU.Build.0 = Release|Any CPU
		{781947E4-BF79-4A5C-B650-A7C435FD2A10}.Debug|Any CPU.ActiveCfg = Debug|Any CPU
		{781947E4-BF79-4A5C-B650-A7C435FD2A10}.Debug|Any CPU.Build.0 = Debug|Any CPU
		{781947E4-BF79-4A5C-B650-A7C435FD2A10}.Release|Any CPU.ActiveCfg = Release|Any CPU
		{781947E4-BF79-4A5C-B650-A7C435FD2A10}.Release|Any CPU.Build.0 = Release|Any CPU
	EndGlobalSection
	GlobalSection(SolutionProperties) = preSolution
		HideSolutionNode = FALSE
	EndGlobalSection
	GlobalSection(ExtensibilityGlobals) = postSolution
		SolutionGuid = {3916A3F8-2580-4ECC-ADB2-D9D4DAAAE748}
	EndGlobalSection
EndGlobal
